
Microsoft Visual Studio Solution File, Format Version 12.00
# Visual Studio Version 17
VisualStudioVersion = 17.7.34202.233
MinimumVisualStudioVersion = 10.0.40219.1
Project("{FAE04EC0-301F-11D3-BF4B-00C04F79EFBC}") = "setul 1 11-15", "setul 1 11-15\setul 1 11-15.csproj", "{6C21FD38-C300-4E2B-BAC9-1575236722DB}"
EndProject
Global
	GlobalSection(SolutionConfigurationPlatforms) = preSolution
		Debug|Any CPU = Debug|Any CPU
		Release|Any CPU = Release|Any CPU
	EndGlobalSection
	GlobalSection(ProjectConfigurationPlatforms) = postSolution
		{6C21FD38-C300-4E2B-BAC9-1575236722DB}.Debug|Any CPU.ActiveCfg = Debug|Any CPU
		{6C21FD38-C300-4E2B-BAC9-1575236722DB}.Debug|Any CPU.Build.0 = Debug|Any CPU
		{6C21FD38-C300-4E2B-BAC9-1575236722DB}.Release|Any CPU.ActiveCfg = Release|Any CPU
		{6C21FD38-C300-4E2B-BAC9-1575236722DB}.Release|Any CPU.Build.0 = Release|Any CPU
	EndGlobalSection
	GlobalSection(SolutionProperties) = preSolution
		HideSolutionNode = FALSE
	EndGlobalSection
	GlobalSection(ExtensibilityGlobals) = postSolution
		SolutionGuid = {5E38240E-62E6-4008-A4D0-18AF80EC56AD}
	EndGlobalSection
EndGlobal
